PODS:
  - Masonry (1.1.0)
  - MJExtension (3.2.2)
  - Toast (4.0.0)

DEPENDENCIES:
  - Masonry
  - MJExtension
  - Toast

SPEC REPOS:
  https://github.com/cocoapods/specs.git:
    - Masonry
    - MJExtension
    - Toast

SPEC CHECKSUMS:
  Masonry: 678fab65091a9290e40e2832a55e7ab731aad201
  MJExtension: d9b9c74cbdeb724c1e9ecbb157b318276e62e876
  Toast: 91b396c56ee72a5790816f40d3a94dd357abc196

PODFILE CHECKSUM: 073d6b11ca0792cf19437e3680d6ea5e24f48496

COCOAPODS: 1.5.3
